// !$*UTF8*$!
{
	archiveVersion = 1;
	classes = {
	};
	objectVersion = 46;
	objects = {

/* Begin PBXBuildFile section */
		65B3FF0D1BD8990E00873E14 /* main.cpp in Sources */ = {isa = PBXBuildFile; fileRef = 65B3FF0C1BD8990E00873E14 /* main.cpp */; };
		65B3FF181BD8999C00873E14 /* DGL.cpp in Sources */ = {isa = PBXBuildFile; fileRef = 65B3FF161BD8999C00873E14 /* DGL.cpp */; };
		65B3FF2D1BD899CA00873E14 /* Face.cpp in Sources */ = {isa = PBXBuildFile; fileRef = 65B3FF191BD899CA00873E14 /* Face.cpp */; };
		65B3FF2E1BD899CA00873E14 /* Game.cpp in Sources */ = {isa = PBXBuildFile; fileRef = 65B3FF1B1BD899CA00873E14 /* Game.cpp */; };
		65B3FF2F1BD899CA00873E14 /* Item.cpp in Sources */ = {isa = PBXBuildFile; fileRef = 65B3FF1D1BD899CA00873E14 /* Item.cpp */; };
		65B3FF301BD899CA00873E14 /* ManifestParser.cpp in Sources */ = {isa = PBXBuildFile; fileRef = 65B3FF1F1BD899CA00873E14 /* ManifestParser.cpp */; };
		65B3FF311BD899CA00873E14 /* Matrix.cpp in Sources */ = {isa = PBXBuildFile; fileRef = 65B3FF211BD899CA00873E14 /* Matrix.cpp */; };
		65B3FF321BD899CA00873E14 /* ObjParser.cpp in Sources */ = {isa = PBXBuildFile; fileRef = 65B3FF231BD899CA00873E14 /* ObjParser.cpp */; };
		65B3FF331BD899CA00873E14 /* Scene.cpp in Sources */ = {isa = PBXBuildFile; fileRef = 65B3FF251BD899CA00873E14 /* Scene.cpp */; };
		65B3FF341BD899CA00873E14 /* TextureCoordinate.cpp in Sources */ = {isa = PBXBuildFile; fileRef = 65B3FF271BD899CA00873E14 /* TextureCoordinate.cpp */; };
		65B3FF351BD899CA00873E14 /* Vector.cpp in Sources */ = {isa = PBXBuildFile; fileRef = 65B3FF291BD899CA00873E14 /* Vector.cpp */; };
		65B3FF361BD899CA00873E14 /* Vertex.cpp in Sources */ = {isa = PBXBuildFile; fileRef = 65B3FF2B1BD899CA00873E14 /* Vertex.cpp */; };
/* End PBXBuildFile section */

/* Begin PBXCopyFilesBuildPhase section */
		65B3FF071BD8990E00873E14 /* CopyFiles */ = {
			isa = PBXCopyFilesBuildPhase;
			buildActionMask = 2147483647;
			dstPath = /usr/share/man/man1/;
			dstSubfolderSpec = 0;
			files = (
			);
			runOnlyForDeploymentPostprocessing = 1;
		};
/* End PBXCopyFilesBuildPhase section */

/* Begin PBXFileReference section */
		65B3FF091BD8990E00873E14 /* WizardsCourt */ = {isa = PBXFileReference; explicitFileType = "compiled.mach-o.executable"; includeInIndex = 0; path = WizardsCourt; sourceTree = BUILT_PRODUCTS_DIR; };
		65B3FF0C1BD8990E00873E14 /* main.cpp */ = {isa = PBXFileReference; lastKnownFileType = sourcecode.cpp.cpp; path = main.cpp; sourceTree = "<group>"; };
		65B3FF131BD8992300873E14 /* models */ = {isa = PBXFileReference; lastKnownFileType = folder; path = models; sourceTree = "<group>"; };
		65B3FF141BD8992300873E14 /* textures */ = {isa = PBXFileReference; lastKnownFileType = folder; path = textures; sourceTree = "<group>"; };
		65B3FF161BD8999C00873E14 /* DGL.cpp */ = {isa = PBXFileReference; fileEncoding = 4; lastKnownFileType = sourcecode.cpp.cpp; path = DGL.cpp; sourceTree = "<group>"; };
		65B3FF171BD8999C00873E14 /* DGL.h */ = {isa = PBXFileReference; fileEncoding = 4; lastKnownFileType = sourcecode.c.h; path = DGL.h; sourceTree = "<group>"; };
		65B3FF191BD899CA00873E14 /* Face.cpp */ = {isa = PBXFileReference; fileEncoding = 4; lastKnownFileType = sourcecode.cpp.cpp; path = Face.cpp; sourceTree = "<group>"; };
		65B3FF1A1BD899CA00873E14 /* Face.h */ = {isa = PBXFileReference; fileEncoding = 4; lastKnownFileType = sourcecode.c.h; path = Face.h; sourceTree = "<group>"; };
		65B3FF1B1BD899CA00873E14 /* Game.cpp */ = {isa = PBXFileReference; fileEncoding = 4; lastKnownFileType = sourcecode.cpp.cpp; path = Game.cpp; sourceTree = "<group>"; };
		65B3FF1C1BD899CA00873E14 /* Game.h */ = {isa = PBXFileReference; fileEncoding = 4; lastKnownFileType = sourcecode.c.h; path = Game.h; sourceTree = "<group>"; };
		65B3FF1D1BD899CA00873E14 /* Item.cpp */ = {isa = PBXFileReference; fileEncoding = 4; lastKnownFileType = sourcecode.cpp.cpp; path = Item.cpp; sourceTree = "<group>"; };
		65B3FF1E1BD899CA00873E14 /* Item.h */ = {isa = PBXFileReference; fileEncoding = 4; lastKnownFileType = sourcecode.c.h; path = Item.h; sourceTree = "<group>"; };
		65B3FF1F1BD899CA00873E14 /* ManifestParser.cpp */ = {isa = PBXFileReference; fileEncoding = 4; lastKnownFileType = sourcecode.cpp.cpp; path = ManifestParser.cpp; sourceTree = "<group>"; };
		65B3FF201BD899CA00873E14 /* ManifestParser.h */ = {isa = PBXFileReference; fileEncoding = 4; lastKnownFileType = sourcecode.c.h; path = ManifestParser.h; sourceTree = "<group>"; };
		65B3FF211BD899CA00873E14 /* Matrix.cpp */ = {isa = PBXFileReference; fileEncoding = 4; lastKnownFileType = sourcecode.cpp.cpp; path = Matrix.cpp; sourceTree = "<group>"; };
		65B3FF221BD899CA00873E14 /* Matrix.h */ = {isa = PBXFileReference; fileEncoding = 4; lastKnownFileType = sourcecode.c.h; path = Matrix.h; sourceTree = "<group>"; };
		65B3FF231BD899CA00873E14 /* ObjParser.cpp */ = {isa = PBXFileReference; fileEncoding = 4; lastKnownFileType = sourcecode.cpp.cpp; path = ObjParser.cpp; sourceTree = "<group>"; };
		65B3FF241BD899CA00873E14 /* ObjParser.h */ = {isa = PBXFileReference; fileEncoding = 4; lastKnownFileType = sourcecode.c.h; path = ObjParser.h; sourceTree = "<group>"; };
		65B3FF251BD899CA00873E14 /* Scene.cpp */ = {isa = PBXFileReference; fileEncoding = 4; lastKnownFileType = sourcecode.cpp.cpp; path = Scene.cpp; sourceTree = "<group>"; };
		65B3FF261BD899CA00873E14 /* Scene.h */ = {isa = PBXFileReference; fileEncoding = 4; lastKnownFileType = sourcecode.c.h; path = Scene.h; sourceTree = "<group>"; };
		65B3FF271BD899CA00873E14 /* TextureCoordinate.cpp */ = {isa = PBXFileReference; fileEncoding = 4; lastKnownFileType = sourcecode.cpp.cpp; path = TextureCoordinate.cpp; sourceTree = "<group>"; };
		65B3FF281BD899CA00873E14 /* TextureCoordinate.h */ = {isa = PBXFileReference; fileEncoding = 4; lastKnownFileType = sourcecode.c.h; path = TextureCoordinate.h; sourceTree = "<group>"; };
		65B3FF291BD899CA00873E14 /* Vector.cpp */ = {isa = PBXFileReference; fileEncoding = 4; lastKnownFileType = sourcecode.cpp.cpp; path = Vector.cpp; sourceTree = "<group>"; };
		65B3FF2A1BD899CA00873E14 /* Vector.h */ = {isa = PBXFileReference; fileEncoding = 4; lastKnownFileType = sourcecode.c.h; path = Vector.h; sourceTree = "<group>"; };
		65B3FF2B1BD899CA00873E14 /* Vertex.cpp */ = {isa = PBXFileReference; fileEncoding = 4; lastKnownFileType = sourcecode.cpp.cpp; path = Vertex.cpp; sourceTree = "<group>"; };
		65B3FF2C1BD899CA00873E14 /* Vertex.h */ = {isa = PBXFileReference; fileEncoding = 4; lastKnownFileType = sourcecode.c.h; path = Vertex.h; sourceTree = "<group>"; };
		65B3FF371BD899DE00873E14 /* main.h */ = {isa = PBXFileReference; lastKnownFileType = sourcecode.c.h; path = main.h; sourceTree = "<group>"; };
/* End PBXFileReference section */

/* Begin PBXFrameworksBuildPhase section */
		65B3FF061BD8990E00873E14 /* Frameworks */ = {
			isa = PBXFrameworksBuildPhase;
			buildActionMask = 2147483647;
			files = (
			);
			runOnlyForDeploymentPostprocessing = 0;
		};
/* End PBXFrameworksBuildPhase section */

/* Begin PBXGroup section */
		65B3FF001BD8990E00873E14 = {
			isa = PBXGroup;
			children = (
				65B3FF0B1BD8990E00873E14 /* WizardsCourt */,
				65B3FF0A1BD8990E00873E14 /* Products */,
			);
			sourceTree = "<group>";
		};
		65B3FF0A1BD8990E00873E14 /* Products */ = {
			isa = PBXGroup;
			children = (
				65B3FF091BD8990E00873E14 /* WizardsCourt */,
			);
			name = Products;
			sourceTree = "<group>";
		};
		65B3FF0B1BD8990E00873E14 /* WizardsCourt */ = {
			isa = PBXGroup;
			children = (
				65B3FF131BD8992300873E14 /* models */,
				65B3FF141BD8992300873E14 /* textures */,
				65B3FF371BD899DE00873E14 /* main.h */,
				65B3FF0C1BD8990E00873E14 /* main.cpp */,
				65B3FF161BD8999C00873E14 /* DGL.cpp */,
				65B3FF171BD8999C00873E14 /* DGL.h */,
				65B3FF191BD899CA00873E14 /* Face.cpp */,
				65B3FF1A1BD899CA00873E14 /* Face.h */,
				65B3FF1B1BD899CA00873E14 /* Game.cpp */,
				65B3FF1C1BD899CA00873E14 /* Game.h */,
				65B3FF1D1BD899CA00873E14 /* Item.cpp */,
				65B3FF1E1BD899CA00873E14 /* Item.h */,
				65B3FF1F1BD899CA00873E14 /* ManifestParser.cpp */,
				65B3FF201BD899CA00873E14 /* ManifestParser.h */,
				65B3FF211BD899CA00873E14 /* Matrix.cpp */,
				65B3FF221BD899CA00873E14 /* Matrix.h */,
				65B3FF231BD899CA00873E14 /* ObjParser.cpp */,
				65B3FF241BD899CA00873E14 /* ObjParser.h */,
				65B3FF251BD899CA00873E14 /* Scene.cpp */,
				65B3FF261BD899CA00873E14 /* Scene.h */,
				65B3FF271BD899CA00873E14 /* TextureCoordinate.cpp */,
				65B3FF281BD899CA00873E14 /* TextureCoordinate.h */,
				65B3FF291BD899CA00873E14 /* Vector.cpp */,
				65B3FF2A1BD899CA00873E14 /* Vector.h */,
				65B3FF2B1BD899CA00873E14 /* Vertex.cpp */,
				65B3FF2C1BD899CA00873E14 /* Vertex.h */,
			);
			path = WizardsCourt;
			sourceTree = "<group>";
		};
/* End PBXGroup section */

/* Begin PBXNativeTarget section */
		65B3FF081BD8990E00873E14 /* WizardsCourt */ = {
			isa = PBXNativeTarget;
			buildConfigurationList = 65B3FF101BD8990E00873E14 /* Build configuration list for PBXNativeTarget "WizardsCourt" */;
			buildPhases = (
				65B3FF051BD8990E00873E14 /* Sources */,
				65B3FF061BD8990E00873E14 /* Frameworks */,
				65B3FF071BD8990E00873E14 /* CopyFiles */,
			);
			buildRules = (
			);
			dependencies = (
			);
			name = WizardsCourt;
			productName = WizardsCourt;
			productReference = 65B3FF091BD8990E00873E14 /* WizardsCourt */;
			productType = "com.apple.product-type.tool";
		};
/* End PBXNativeTarget section */

/* Begin PBXProject section */
		65B3FF011BD8990E00873E14 /* Project object */ = {
			isa = PBXProject;
			attributes = {
				LastUpgradeCheck = 0630;
				ORGANIZATIONNAME = "Daniel Fuller";
				TargetAttributes = {
					65B3FF081BD8990E00873E14 = {
						CreatedOnToolsVersion = 6.3.1;
					};
				};
			};
			buildConfigurationList = 65B3FF041BD8990E00873E14 /* Build configuration list for PBXProject "WizardsCourt" */;
			compatibilityVersion = "Xcode 3.2";
			developmentRegion = English;
			hasScannedForEncodings = 0;
			knownRegions = (
				en,
			);
			mainGroup = 65B3FF001BD8990E00873E14;
			productRefGroup = 65B3FF0A1BD8990E00873E14 /* Products */;
			projectDirPath = "";
			projectRoot = "";
			targets = (
				65B3FF081BD8990E00873E14 /* WizardsCourt */,
			);
		};
/* End PBXProject section */

/* Begin PBXSourcesBuildPhase section */
		65B3FF051BD8990E00873E14 /* Sources */ = {
			isa = PBXSourcesBuildPhase;
			buildActionMask = 2147483647;
			files = (
				65B3FF311BD899CA00873E14 /* Matrix.cpp in Sources */,
				65B3FF341BD899CA00873E14 /* TextureCoordinate.cpp in Sources */,
				65B3FF2D1BD899CA00873E14 /* Face.cpp in Sources */,
				65B3FF0D1BD8990E00873E14 /* main.cpp in Sources */,
				65B3FF181BD8999C00873E14 /* DGL.cpp in Sources */,
				65B3FF351BD899CA00873E14 /* Vector.cpp in Sources */,
				65B3FF2E1BD899CA00873E14 /* Game.cpp in Sources */,
				65B3FF2F1BD899CA00873E14 /* Item.cpp in Sources */,
				65B3FF331BD899CA00873E14 /* Scene.cpp in Sources */,
				65B3FF361BD899CA00873E14 /* Vertex.cpp in Sources */,
				65B3FF321BD899CA00873E14 /* ObjParser.cpp in Sources */,
				65B3FF301BD899CA00873E14 /* ManifestParser.cpp in Sources */,
			);
			runOnlyForDeploymentPostprocessing = 0;
		};
/* End PBXSourcesBuildPhase section */

/* Begin XCBuildConfiguration section */
		65B3FF0E1BD8990E00873E14 /* Debug */ = {
			isa = XCBuildConfiguration;
			buildSettings = {
				ALWAYS_SEARCH_USER_PATHS = NO;
				CLANG_CXX_LANGUAGE_STANDARD = "gnu++0x";
				CLANG_CXX_LIBRARY = "libc++";
				CLANG_ENABLE_MODULES = YES;
				CLANG_ENABLE_OBJC_ARC = YES;
				CLANG_WARN_BOOL_CONVERSION = YES;
				CLANG_WARN_CONSTANT_CONVERSION = YES;
				CLANG_WARN_DIRECT_OBJC_ISA_USAGE = YES_ERROR;
				CLANG_WARN_EMPTY_BODY = YES;
				CLANG_WARN_ENUM_CONVERSION = YES;
				CLANG_WARN_INT_CONVERSION = YES;
				CLANG_WARN_OBJC_ROOT_CLASS = YES_ERROR;
				CLANG_WARN_UNREACHABLE_CODE = YES;
				CLANG_WARN__DUPLICATE_METHOD_MATCH = YES;
				COPY_PHASE_STRIP = NO;
				DEBUG_INFORMATION_FORMAT = dwarf;
				ENABLE_STRICT_OBJC_MSGSEND = YES;
				GCC_C_LANGUAGE_STANDARD = gnu99;
				GCC_DYNAMIC_NO_PIC = NO;
				GCC_NO_COMMON_BLOCKS = YES;
				GCC_OPTIMIZATION_LEVEL = 0;
				GCC_PREPROCESSOR_DEFINITIONS = (
					"DEBUG=1",
					"$(inherited)",
				);
				GCC_SYMBOLS_PRIVATE_EXTERN = NO;
				GCC_WARN_64_TO_32_BIT_CONVERSION = YES;
				GCC_WARN_ABOUT_RETURN_TYPE = YES_ERROR;
				GCC_WARN_UNDECLARED_SELECTOR = YES;
				GCC_WARN_UNINITIALIZED_AUTOS = YES_AGGRESSIVE;
				GCC_WARN_UNUSED_FUNCTION = YES;
				GCC_WARN_UNUSED_VARIABLE = YES;
				MACOSX_DEPLOYMENT_TARGET = 10.10;
				MTL_ENABLE_DEBUG_INFO = YES;
				ONLY_ACTIVE_ARCH = YES;
				SDKROOT = macosx;
			};
			name = Debug;
		};
		65B3FF0F1BD8990E00873E14 /* Release */ = {
			isa = XCBuildConfiguration;
			buildSettings = {
				ALWAYS_SEARCH_USER_PATHS = NO;
				CLANG_CXX_LANGUAGE_STANDARD = "gnu++0x";
				CLANG_CXX_LIBRARY = "libc++";
				CLANG_ENABLE_MODULES = YES;
				CLANG_ENABLE_OBJC_ARC = YES;
				CLANG_WARN_BOOL_CONVERSION = YES;
				CLANG_WARN_CONSTANT_CONVERSION = YES;
				CLANG_WARN_DIRECT_OBJC_ISA_USAGE = YES_ERROR;
				CLANG_WARN_EMPTY_BODY = YES;
				CLANG_WARN_ENUM_CONVERSION = YES;
				CLANG_WARN_INT_CONVERSION = YES;
				CLANG_WARN_OBJC_ROOT_CLASS = YES_ERROR;
				CLANG_WARN_UNREACHABLE_CODE = YES;
				CLANG_WARN__DUPLICATE_METHOD_MATCH = YES;
				COPY_PHASE_STRIP = NO;
				DEBUG_INFORMATION_FORMAT = "dwarf-with-dsym";
				ENABLE_NS_ASSERTIONS = NO;
				ENABLE_STRICT_OBJC_MSGSEND = YES;
				GCC_C_LANGUAGE_STANDARD = gnu99;
				GCC_NO_COMMON_BLOCKS = YES;
				GCC_WARN_64_TO_32_BIT_CONVERSION = YES;
				GCC_WARN_ABOUT_RETURN_TYPE = YES_ERROR;
				GCC_WARN_UNDECLARED_SELECTOR = YES;
				GCC_WARN_UNINITIALIZED_AUTOS = YES_AGGRESSIVE;
				GCC_WARN_UNUSED_FUNCTION = YES;
				GCC_WARN_UNUSED_VARIABLE = YES;
				MACOSX_DEPLOYMENT_TARGET = 10.10;
				MTL_ENABLE_DEBUG_INFO = NO;
				SDKROOT = macosx;
			};
			name = Release;
		};
		65B3FF111BD8990E00873E14 /* Debug */ = {
			isa = XCBuildConfiguration;
			buildSettings = {
				PRODUCT_NAME = "$(TARGET_NAME)";
			};
			name = Debug;
		};
		65B3FF121BD8990E00873E14 /* Release */ = {
			isa = XCBuildConfiguration;
			buildSettings = {
				PRODUCT_NAME = "$(TARGET_NAME)";
			};
			name = Release;
		};
/* End XCBuildConfiguration section */

/* Begin XCConfigurationList section */
		65B3FF041BD8990E00873E14 /* Build configuration list for PBXProject "WizardsCourt" */ = {
			isa = XCConfigurationList;
			buildConfigurations = (
				65B3FF0E1BD8990E00873E14 /* Debug */,
				65B3FF0F1BD8990E00873E14 /* Release */,
			);
			defaultConfigurationIsVisible = 0;
			defaultConfigurationName = Release;
		};
		65B3FF101BD8990E00873E14 /* Build configuration list for PBXNativeTarget "WizardsCourt" */ = {
			isa = XCConfigurationList;
			buildConfigurations = (
				65B3FF111BD8990E00873E14 /* Debug */,
				65B3FF121BD8990E00873E14 /* Release */,
			);
			defaultConfigurationIsVisible = 0;
		};
/* End XCConfigurationList section */
	};
	rootObject = 65B3FF011BD8990E00873E14 /* Project object */;
}
